
Microsoft Visual Studio Solution File, Format Version 12.00
# Visual Studio Version 16
VisualStudioVersion = 16.0.31729.503
MinimumVisualStudioVersion = 10.0.40219.1
Project("{FAE04EC0-301F-11D3-BF4B-00C04F79EFBC}") = "sda-csharp-exercises", "sda-csharp-exercises.csproj", "{D7154EDC-104A-4F05-BFB0-111F521D6E9A}"
EndProject
Global
	GlobalSection(SolutionConfigurationPlatforms) = preSolution
		Debug|Any CPU = Debug|Any CPU
		Release|Any CPU = Release|Any CPU
	EndGlobalSection
	GlobalSection(ProjectConfigurationPlatforms) = postSolution
		{D7154EDC-104A-4F05-BFB0-111F521D6E9A}.Debug|Any CPU.ActiveCfg = Debug|Any CPU
		{D7154EDC-104A-4F05-BFB0-111F521D6E9A}.Debug|Any CPU.Build.0 = Debug|Any CPU
		{D7154EDC-104A-4F05-BFB0-111F521D6E9A}.Release|Any CPU.ActiveCfg = Release|Any CPU
		{D7154EDC-104A-4F05-BFB0-111F521D6E9A}.Release|Any CPU.Build.0 = Release|Any CPU
	EndGlobalSection
	GlobalSection(SolutionProperties) = preSolution
		HideSolutionNode = FALSE
	EndGlobalSection
	GlobalSection(ExtensibilityGlobals) = postSolution
		SolutionGuid = {DCBFEDE7-FD9B-441D-9094-4F2762D11F23}
	EndGlobalSection
EndGlobal
